# nanvix.lock - auto-generated by nanvix_zutil. DO NOT EDIT.

[metadata]
manifest-hash = "sha256:5acb7e52fc4c69ef155e4b30507f19101693273b31ffb84b7000ceb51c3d0918"
nanvix-zutil-version = "0.16.3"

[metadata.sdk]
schema-version = 1
sdk-version = "v0.23.41-sdk.1"
provider-id = "c-clang"
provider = "clang"
role = "c"
image-name = "ghcr.io/nanvix/nanvix-sdk-c-clang"
image-digest = "sha256:216619b4696ce0bfed1d918c7647b8f64bee996cd9c194cef78f5f08f86a698a"
image-ref = "ghcr.io/nanvix/nanvix-sdk-c-clang@sha256:216619b4696ce0bfed1d918c7647b8f64bee996cd9c194cef78f5f08f86a698a"
nanvix-tag = "v0.23.41"
nanvix-version = "0.23.41"
nanvix-commit = "682e891ef102b62e7bb856883bbe5fb3ac490731"
sysroot-sha256 = "b8ceb55730ffadc91d4e31f2c8cfb29c2a97c868f201b5d1e0e1277575153778"

[metadata.sdk.target]
alias = "i686-nanvix"
triple = "i686-unknown-nanvix"

[metadata.sdk.toolchain]
llvm_commit = "cbf0510df585db5bab307b445f4736289c064f48"
llvm_version = "22.1.8"
port_branch = "nanvix/v22.1.8"

[metadata.sdk.compat]
abi = "static-elf"
c_abi = "i686-nanvix-sysv-1"
cxx_abi = "libc++"
min_nanvix_os = "0.19.9"

[metadata.sdk.features]
compiler_rt = "builtins-only"
dynamic_loader = false
filesystem = true
localization = true
wide_chars = true


[[package]]
name = "nanvix"
repo = "nanvix/nanvix"
kind = "sysroot"
ref-kind = "tag"
ref-value = "0.23.41"
resolved-tag = "v0.23.41"
resolved-commitish = "682e891ef102b62e7bb856883bbe5fb3ac490731"
release-id = 370927885
dependencies = []

[[package.assets]]
name = "nanvix-windows-x86-microvm-standalone-release-256mb-682e891ef102b62e7bb856883bbe5fb3ac490731.zip"
url = "https://github.com/nanvix/nanvix/releases/download/v0.23.41/nanvix-windows-x86-microvm-standalone-release-256mb-682e891ef102b62e7bb856883bbe5fb3ac490731.zip"
id = 515185422

[[package.assets]]
name = "nanvix-windows-x86_64-microvm-standalone-release-256mb-682e891ef102b62e7bb856883bbe5fb3ac490731.zip"
url = "https://github.com/nanvix/nanvix/releases/download/v0.23.41/nanvix-windows-x86_64-microvm-standalone-release-256mb-682e891ef102b62e7bb856883bbe5fb3ac490731.zip"
id = 515185477

[[package.assets]]
name = "nanvix-x86-microvm-standalone-release-256mb-682e891ef102b62e7bb856883bbe5fb3ac490731.tar.bz2"
url = "https://github.com/nanvix/nanvix/releases/download/v0.23.41/nanvix-x86-microvm-standalone-release-256mb-682e891ef102b62e7bb856883bbe5fb3ac490731.tar.bz2"
id = 515185544

[[package.assets]]
name = "nanvix-x86_64-microvm-standalone-release-256mb-682e891ef102b62e7bb856883bbe5fb3ac490731.tar.bz2"
url = "https://github.com/nanvix/nanvix/releases/download/v0.23.41/nanvix-x86_64-microvm-standalone-release-256mb-682e891ef102b62e7bb856883bbe5fb3ac490731.tar.bz2"
id = 515185550

[[package]]
name = "zlib"
repo = "nanvix/zlib"
kind = "dependency"
ref-kind = "version"
ref-value = "1.3.1-nanvix-0.23.41-sdk.1"
resolved-tag = "1.3.1-nanvix-0.23.41-sdk.1"
resolved-commitish = "nanvix/v1.3.1"
release-id = 371074320
dependencies = []

[[package.assets]]
name = "zlib-linux-x86-microvm-standalone-256mb-dev.tar.gz"
url = "https://github.com/nanvix/zlib/releases/download/1.3.1-nanvix-0.23.41-sdk.1/zlib-linux-x86-microvm-standalone-256mb-dev.tar.gz"
id = 515785109

[[package.assets]]
name = "zlib-windows-x86-microvm-standalone-256mb-dev.zip"
url = "https://github.com/nanvix/zlib/releases/download/1.3.1-nanvix-0.23.41-sdk.1/zlib-windows-x86-microvm-standalone-256mb-dev.zip"
id = 515785107
