# nanvix.lock - auto-generated by nanvix_zutil. DO NOT EDIT.

[metadata]
manifest-hash = "sha256:da8f41169f6bb8a7d3529c941ebd4f098b879ae73863d34fa896ddbe886ddd3a"
nanvix-zutil-version = "0.16.3"

[metadata.sdk]
schema-version = 1
sdk-version = "v0.24.11-sdk.1"
provider-id = "c-clang"
provider = "clang"
role = "c"
image-name = "ghcr.io/nanvix/nanvix-sdk-c-clang"
image-digest = "sha256:d62f923384113fa6cf934713255cd3d4090aa555a66b63de351f27c9567a9af9"
image-ref = "ghcr.io/nanvix/nanvix-sdk-c-clang@sha256:d62f923384113fa6cf934713255cd3d4090aa555a66b63de351f27c9567a9af9"
nanvix-tag = "v0.24.11"
nanvix-version = "0.24.11"
nanvix-commit = "0dc76fdcc39f5d3dbc9a2d3ed7c61c7b3f192edc"
sysroot-sha256 = "218122121e9c7ea0e8ea3820a03852c7b91c373e19970ec3845935dc36525638"

[metadata.sdk.target]
alias = "i686-nanvix"
triple = "i686-unknown-nanvix"

[metadata.sdk.toolchain]
llvm_commit = "d66a6abc6eb86a8eac1cd9471a8ce3e42762054a"
llvm_version = "22.1.8"
port_branch = "nanvix/v22.1.8"

[metadata.sdk.compat]
abi = "static-elf"
c_abi = "i686-nanvix-sysv-1"
cxx_abi = "libc++"
min_nanvix_os = "0.19.9"

[metadata.sdk.features]
compiler_rt = "builtins-only"
dynamic_loader = false
filesystem = true
localization = true
wide_chars = true


[[package]]
name = "nanvix"
repo = "nanvix/nanvix"
kind = "sysroot"
ref-kind = "tag"
ref-value = "0.24.11"
resolved-tag = "v0.24.11"
resolved-commitish = "0dc76fdcc39f5d3dbc9a2d3ed7c61c7b3f192edc"
release-id = 380222390
dependencies = []

[[package.assets]]
name = "nanvix-windows-x86-microvm-standalone-release-256mb-0dc76fdcc39f5d3dbc9a2d3ed7c61c7b3f192edc.zip"
url = "https://github.com/nanvix/nanvix/releases/download/v0.24.11/nanvix-windows-x86-microvm-standalone-release-256mb-0dc76fdcc39f5d3dbc9a2d3ed7c61c7b3f192edc.zip"
id = 538998600

[[package.assets]]
name = "nanvix-windows-x86_64-microvm-standalone-release-256mb-0dc76fdcc39f5d3dbc9a2d3ed7c61c7b3f192edc.zip"
url = "https://github.com/nanvix/nanvix/releases/download/v0.24.11/nanvix-windows-x86_64-microvm-standalone-release-256mb-0dc76fdcc39f5d3dbc9a2d3ed7c61c7b3f192edc.zip"
id = 538998669

[[package.assets]]
name = "nanvix-x86-microvm-standalone-release-256mb-0dc76fdcc39f5d3dbc9a2d3ed7c61c7b3f192edc.tar.bz2"
url = "https://github.com/nanvix/nanvix/releases/download/v0.24.11/nanvix-x86-microvm-standalone-release-256mb-0dc76fdcc39f5d3dbc9a2d3ed7c61c7b3f192edc.tar.bz2"
id = 538998760

[[package.assets]]
name = "nanvix-x86_64-microvm-standalone-release-256mb-0dc76fdcc39f5d3dbc9a2d3ed7c61c7b3f192edc.tar.bz2"
url = "https://github.com/nanvix/nanvix/releases/download/v0.24.11/nanvix-x86_64-microvm-standalone-release-256mb-0dc76fdcc39f5d3dbc9a2d3ed7c61c7b3f192edc.tar.bz2"
id = 538998783

[[package]]
name = "zlib"
repo = "nanvix/zlib"
kind = "dependency"
ref-kind = "version"
ref-value = "1.3.1-nanvix-0.24.11-sdk.1"
resolved-tag = "1.3.1-nanvix-0.24.11-sdk.1"
resolved-commitish = "nanvix/v1.3.1"
release-id = 380720886
dependencies = []

[[package.assets]]
name = "zlib-linux-x86-microvm-standalone-256mb-dev.tar.gz"
url = "https://github.com/nanvix/zlib/releases/download/1.3.1-nanvix-0.24.11-sdk.1/zlib-linux-x86-microvm-standalone-256mb-dev.tar.gz"
id = 539940050

[[package.assets]]
name = "zlib-windows-x86-microvm-standalone-256mb-dev.zip"
url = "https://github.com/nanvix/zlib/releases/download/1.3.1-nanvix-0.24.11-sdk.1/zlib-windows-x86-microvm-standalone-256mb-dev.zip"
id = 539940051
